
Microsoft Visual Studio Solution File, Format Version 12.00
# Visual Studio Version 17
VisualStudioVersion = 17.5.002.0
MinimumVisualStudioVersion = 10.0.40219.1
Project("{9A19103F-16F7-4668-BE54-9A1E7A4F7556}") = "UnixTimestampConverter", "UnixTimestampConverter.csproj", "{F99C187A-99DF-4264-A589-8FA92C501130}"
EndProject
Global
	GlobalSection(SolutionConfigurationPlatforms) = preSolution
		Debug|Any CPU = Debug|Any CPU
		Release|Any CPU = Release|Any CPU
	EndGlobalSection
	GlobalSection(ProjectConfigurationPlatforms) = postSolution
		{F99C187A-99DF-4264-A589-8FA92C501130}.Debug|Any CPU.ActiveCfg = Debug|Any CPU
		{F99C187A-99DF-4264-A589-8FA92C501130}.Debug|Any CPU.Build.0 = Debug|Any CPU
		{F99C187A-99DF-4264-A589-8FA92C501130}.Release|Any CPU.ActiveCfg = Release|Any CPU
		{F99C187A-99DF-4264-A589-8FA92C501130}.Release|Any CPU.Build.0 = Release|Any CPU
	EndGlobalSection
	GlobalSection(SolutionProperties) = preSolution
		HideSolutionNode = FALSE
	EndGlobalSection
	GlobalSection(ExtensibilityGlobals) = postSolution
		SolutionGuid = {A23DE5EF-055C-41B1-9CDE-72211EF48639}
	EndGlobalSection
EndGlobal
